# This file is automatically @generated by Cargo.
# It is not intended for manual editing.
version = 3

[[package]]
name = "blog_os"
version = "0.1.0"
dependencies = [
 "bootloader",
]

[[package]]
name = "bootloader"
version = "0.9.29"
source = "registry+https://github.com/rust-lang/crates.io-index"
checksum = "365861702868e2a37b4247aaecc7bd8f4389baec8d025497ad8ba7ff37ee9440"
